
Microsoft Visual Studio Solution File, Format Version 12.00
# Visual Studio Version 17
VisualStudioVersion = 17.5.33530.505
MinimumVisualStudioVersion = 10.0.40219.1
Project("{FAE04EC0-301F-11D3-BF4B-00C04F79EFBC}") = "MazeSolver", "MazeSolver\MazeSolver.csproj", "{9B17E74E-0530-4DE8-8160-D720850F81BF}"
EndProject
Global
	GlobalSection(SolutionConfigurationPlatforms) = preSolution
		Debug|Any CPU = Debug|Any CPU
		Release|Any CPU = Release|Any CPU
	EndGlobalSection
	GlobalSection(ProjectConfigurationPlatforms) = postSolution
		{9B17E74E-0530-4DE8-8160-D720850F81BF}.Debug|Any CPU.ActiveCfg = Debug|Any CPU
		{9B17E74E-0530-4DE8-8160-D720850F81BF}.Debug|Any CPU.Build.0 = Debug|Any CPU
		{9B17E74E-0530-4DE8-8160-D720850F81BF}.Release|Any CPU.ActiveCfg = Release|Any CPU
		{9B17E74E-0530-4DE8-8160-D720850F81BF}.Release|Any CPU.Build.0 = Release|Any CPU
	EndGlobalSection
	GlobalSection(SolutionProperties) = preSolution
		HideSolutionNode = FALSE
	EndGlobalSection
	GlobalSection(ExtensibilityGlobals) = postSolution
		SolutionGuid = {215F208C-A545-4828-837D-331B5C21445D}
	EndGlobalSection
EndGlobal
